{
  "name": "clopa",
  "version": "0.0.0",
  "lockfileVersion": 1,
  "requires": true,
  "dependencies": {
    "stringing": {
      "version": "1.7.1",
      "resolved": "https://registry.npmjs.org/stringing/-/stringing-1.7.1.tgz",
      "integrity": "sha512-Fjv3fGjGrYQKESNnQQsu9PGbqDynCYXqiQQ5+QglVBk2Icx4PQiXjMZOlVrDlNP4Ag2E8bjBd6n491DHi/X8XA=="
    }
  }
}
